<?xml version="1.0" encoding="utf-8"?>
<Project ToolsVersion="4.0" xmlns="http://schemas.microsoft.com/developer/msbuild/2003">
  <ItemGroup>
    <Filter Include="ソース ファイル">
      <UniqueIdentifier>{4FC737F1-C7A5-4376-A066-2A32D752A2FF}</UniqueIdentifier>
      <Extensions>cpp;c;cc;cxx;def;odl;idl;hpj;bat;asm;asmx</Extensions>
    </Filter>
    <Filter Include="ヘッダー ファイル">
      <UniqueIdentifier>{93995380-89BD-4b04-88EB-625FBE52EBFB}</UniqueIdentifier>
      <Extensions>h;hh;hpp;hxx;hm;inl;inc;ipp;xsd</Extensions>
    </Filter>
    <Filter Include="リソース ファイル">
      <UniqueIdentifier>{67DA6AB6-F800-4c08-8B7A-83BB121AAD01}</UniqueIdentifier>
      <Extensions>rc;ico;cur;bmp;dlg;rc2;rct;bin;rgs;gif;jpg;jpeg;jpe;resx;tiff;tif;png;wav;mfcribbon-ms</Extensions>
    </Filter>
    <Filter Include="src">
      <UniqueIdentifier>{d136b5cc-6df9-485f-8973-671f14c06de4}</UniqueIdentifier>
    </Filter>
    <Filter Include="src\wp_estimator">
      <UniqueIdentifier>{ab94a287-11af-4aa9-8de8-ed64caa96102}</UniqueIdentifier>
    </Filter>
    <Filter Include="src\buyer">
      <UniqueIdentifier>{b3c94106-7316-4769-a6c5-c7377dbd09aa}</UniqueIdentifier>
    </Filter>
  </ItemGroup>
  <ItemGroup>
    <ClCompile Include="jv_reader\JVDataPool-ts.cpp">
      <Filter>src</Filter>
    </ClCompile>
    <ClCompile Include="jv_reader\JVRecordReader-ts.cpp">
      <Filter>src</Filter>
    </ClCompile>
    <ClCompile Include="TestMain.cpp">
      <Filter>src</Filter>
    </ClCompile>
    <ClCompile Include="wp_estimator\wp_estimator-ts.cpp">
      <Filter>src</Filter>
    </ClCompile>
    <ClCompile Include="..\uma_analyze_server\wp_estimator\wp_estimator.cpp">
      <Filter>src\wp_estimator</Filter>
    </ClCompile>
    <ClCompile Include="buyer\buyer-ts.cpp">
      <Filter>src</Filter>
    </ClCompile>
  </ItemGroup>
  <ItemGroup>
    <ClInclude Include="..\uma_analyze_server\wp_estimator\wp_estimator.hpp">
      <Filter>src\wp_estimator</Filter>
    </ClInclude>
    <ClInclude Include="..\uma_analyze_server\buyer\Buyer.hpp">
      <Filter>src\buyer</Filter>
    </ClInclude>
  </ItemGroup>
</Project>