
Microsoft Visual Studio Solution File, Format Version 12.00
# Visual Studio 15
VisualStudioVersion = 15.0.27004.2010
MinimumVisualStudioVersion = 10.0.40219.1
Project("{8BC9CEB8-8B4A-11D0-8D11-00A0C91BC942}") = "uma_analyze_server", "uma_analyze_server\uma_analyze_server.vcxproj", "{E49DB82F-99AD-4792-A1EA-69D37931E617}"
EndProject
Project("{8BC9CEB8-8B4A-11D0-8D11-00A0C91BC942}") = "uma_unit_test", "uma_unit_test\uma_unit_test.vcxproj", "{42F020EE-72C7-4010-842C-F98479BEE585}"
EndProject
Global
	GlobalSection(SolutionConfigurationPlatforms) = preSolution
		Debug|x64 = Debug|x64
		Debug|x86 = Debug|x86
		Release|x64 = Release|x64
		Release|x86 = Release|x86
	EndGlobalSection
	GlobalSection(ProjectConfigurationPlatforms) = postSolution
		{E49DB82F-99AD-4792-A1EA-69D37931E617}.Debug|x64.ActiveCfg = Debug|x64
		{E49DB82F-99AD-4792-A1EA-69D37931E617}.Debug|x64.Build.0 = Debug|x64
		{E49DB82F-99AD-4792-A1EA-69D37931E617}.Debug|x86.ActiveCfg = Debug|Win32
		{E49DB82F-99AD-4792-A1EA-69D37931E617}.Debug|x86.Build.0 = Debug|Win32
		{E49DB82F-99AD-4792-A1EA-69D37931E617}.Release|x64.ActiveCfg = Release|x64
		{E49DB82F-99AD-4792-A1EA-69D37931E617}.Release|x64.Build.0 = Release|x64
		{E49DB82F-99AD-4792-A1EA-69D37931E617}.Release|x86.ActiveCfg = Release|Win32
		{E49DB82F-99AD-4792-A1EA-69D37931E617}.Release|x86.Build.0 = Release|Win32
		{42F020EE-72C7-4010-842C-F98479BEE585}.Debug|x64.ActiveCfg = Debug|x64
		{42F020EE-72C7-4010-842C-F98479BEE585}.Debug|x64.Build.0 = Debug|x64
		{42F020EE-72C7-4010-842C-F98479BEE585}.Debug|x86.ActiveCfg = Debug|Win32
		{42F020EE-72C7-4010-842C-F98479BEE585}.Debug|x86.Build.0 = Debug|Win32
		{42F020EE-72C7-4010-842C-F98479BEE585}.Release|x64.ActiveCfg = Release|x64
		{42F020EE-72C7-4010-842C-F98479BEE585}.Release|x64.Build.0 = Release|x64
		{42F020EE-72C7-4010-842C-F98479BEE585}.Release|x86.ActiveCfg = Release|Win32
		{42F020EE-72C7-4010-842C-F98479BEE585}.Release|x86.Build.0 = Release|Win32
	EndGlobalSection
	GlobalSection(SolutionProperties) = preSolution
		HideSolutionNode = FALSE
	EndGlobalSection
	GlobalSection(ExtensibilityGlobals) = postSolution
		SolutionGuid = {818A67CD-1DBD-4411-8E5E-55529AA82E78}
	EndGlobalSection
EndGlobal
